<Solution>
  <Folder Name="/backend/">
    <Project Path="backend/Hub.Api/Hub.Api.csproj" />
    <Project Path="backend/Hub.Core/Hub.Core.csproj" />
    <Project Path="backend/Hub.Core.Tests/Hub.Core.Tests.csproj" />
    <Project Path="backend/Hub.Data.Tests/Hub.Data.Tests.csproj" />
    <Project Path="backend/Hub.Api.Tests/Hub.Api.Tests.csproj" />
    <Project Path="backend/Hub.Data/Hub.Data.csproj" />
    <Project Path="backend/Hub.Manga/Hub.Manga.csproj" />
  </Folder>
</Solution>

