
Microsoft Visual Studio Solution File, Format Version 12.00
# Visual Studio Version 17
VisualStudioVersion = 17.0.31903.59
MinimumVisualStudioVersion = 10.0.40219.1
Project("{2150E333-8FDC-42A3-9474-1A3956D46DE8}") = "backend", "backend", "{1AE8ACA6-933B-BF2A-3671-3E2EAC007D16}"
EndProject
Project("{FAE04EC0-301F-11D3-BF4B-00C04F79EFBC}") = "Hub.Core", "backend\Hub.Core\Hub.Core.csproj", "{6CA36669-EF1D-40D8-A243-1D65A671BD6B}"
EndProject
Project("{FAE04EC0-301F-11D3-BF4B-00C04F79EFBC}") = "Hub.Data", "backend\Hub.Data\Hub.Data.csproj", "{D39AFBB1-0CAE-48E4-BADF-91F7FDC51DC1}"
EndProject
Project("{FAE04EC0-301F-11D3-BF4B-00C04F79EFBC}") = "Hub.Manga", "backend\Hub.Manga\Hub.Manga.csproj", "{9C53EB79-B9C2-484C-8E95-0600F17F0F29}"
EndProject
Project("{FAE04EC0-301F-11D3-BF4B-00C04F79EFBC}") = "Hub.Api", "backend\Hub.Api\Hub.Api.csproj", "{D434DABB-BC4A-4456-B6D9-F93CAB56F1F8}"
EndProject
Project("{FAE04EC0-301F-11D3-BF4B-00C04F79EFBC}") = "Hub.Core.Tests", "backend\Hub.Core.Tests\Hub.Core.Tests.csproj", "{25ECB1D5-6EB0-4E91-9AF9-2F05FBB46C41}"
EndProject
Project("{FAE04EC0-301F-11D3-BF4B-00C04F79EFBC}") = "Hub.Data.Tests", "backend\Hub.Data.Tests\Hub.Data.Tests.csproj", "{4D12C280-E7D7-4087-9D28-305051A783E5}"
EndProject
Project("{FAE04EC0-301F-11D3-BF4B-00C04F79EFBC}") = "Hub.Api.Tests", "backend\Hub.Api.Tests\Hub.Api.Tests.csproj", "{59973D99-49FE-4099-9B9D-B574D2794C09}"
EndProject
Global
	GlobalSection(SolutionConfigurationPlatforms) = preSolution
		Debug|Any CPU = Debug|Any CPU
		Debug|x64 = Debug|x64
		Debug|x86 = Debug|x86
		Release|Any CPU = Release|Any CPU
		Release|x64 = Release|x64
		Release|x86 = Release|x86
	EndGlobalSection
	GlobalSection(ProjectConfigurationPlatforms) = postSolution
		{6CA36669-EF1D-40D8-A243-1D65A671BD6B}.Debug|Any CPU.ActiveCfg = Debug|Any CPU
		{6CA36669-EF1D-40D8-A243-1D65A671BD6B}.Debug|Any CPU.Build.0 = Debug|Any CPU
		{6CA36669-EF1D-40D8-A243-1D65A671BD6B}.Debug|x64.ActiveCfg = Debug|Any CPU
		{6CA36669-EF1D-40D8-A243-1D65A671BD6B}.Debug|x64.Build.0 = Debug|Any CPU
		{6CA36669-EF1D-40D8-A243-1D65A671BD6B}.Debug|x86.ActiveCfg = Debug|Any CPU
		{6CA36669-EF1D-40D8-A243-1D65A671BD6B}.Debug|x86.Build.0 = Debug|Any CPU
		{6CA36669-EF1D-40D8-A243-1D65A671BD6B}.Release|Any CPU.ActiveCfg = Release|Any CPU
		{6CA36669-EF1D-40D8-A243-1D65A671BD6B}.Release|Any CPU.Build.0 = Release|Any CPU
		{6CA36669-EF1D-40D8-A243-1D65A671BD6B}.Release|x64.ActiveCfg = Release|Any CPU
		{6CA36669-EF1D-40D8-A243-1D65A671BD6B}.Release|x64.Build.0 = Release|Any CPU
		{6CA36669-EF1D-40D8-A243-1D65A671BD6B}.Release|x86.ActiveCfg = Release|Any CPU
		{6CA36669-EF1D-40D8-A243-1D65A671BD6B}.Release|x86.Build.0 = Release|Any CPU
		{D39AFBB1-0CAE-48E4-BADF-91F7FDC51DC1}.Debug|Any CPU.ActiveCfg = Debug|Any CPU
		{D39AFBB1-0CAE-48E4-BADF-91F7FDC51DC1}.Debug|Any CPU.Build.0 = Debug|Any CPU
		{D39AFBB1-0CAE-48E4-BADF-91F7FDC51DC1}.Debug|x64.ActiveCfg = Debug|Any CPU
		{D39AFBB1-0CAE-48E4-BADF-91F7FDC51DC1}.Debug|x64.Build.0 = Debug|Any CPU
		{D39AFBB1-0CAE-48E4-BADF-91F7FDC51DC1}.Debug|x86.ActiveCfg = Debug|Any CPU
		{D39AFBB1-0CAE-48E4-BADF-91F7FDC51DC1}.Debug|x86.Build.0 = Debug|Any CPU
		{D39AFBB1-0CAE-48E4-BADF-91F7FDC51DC1}.Release|Any CPU.ActiveCfg = Release|Any CPU
		{D39AFBB1-0CAE-48E4-BADF-91F7FDC51DC1}.Release|Any CPU.Build.0 = Release|Any CPU
		{D39AFBB1-0CAE-48E4-BADF-91F7FDC51DC1}.Release|x64.ActiveCfg = Release|Any CPU
		{D39AFBB1-0CAE-48E4-BADF-91F7FDC51DC1}.Release|x64.Build.0 = Release|Any CPU
		{D39AFBB1-0CAE-48E4-BADF-91F7FDC51DC1}.Release|x86.ActiveCfg = Release|Any CPU
		{D39AFBB1-0CAE-48E4-BADF-91F7FDC51DC1}.Release|x86.Build.0 = Release|Any CPU
		{9C53EB79-B9C2-484C-8E95-0600F17F0F29}.Debug|Any CPU.ActiveCfg = Debug|Any CPU
		{9C53EB79-B9C2-484C-8E95-0600F17F0F29}.Debug|Any CPU.Build.0 = Debug|Any CPU
		{9C53EB79-B9C2-484C-8E95-0600F17F0F29}.Debug|x64.ActiveCfg = Debug|Any CPU
		{9C53EB79-B9C2-484C-8E95-0600F17F0F29}.Debug|x64.Build.0 = Debug|Any CPU
		{9C53EB79-B9C2-484C-8E95-0600F17F0F29}.Debug|x86.ActiveCfg = Debug|Any CPU
		{9C53EB79-B9C2-484C-8E95-0600F17F0F29}.Debug|x86.Build.0 = Debug|Any CPU
		{9C53EB79-B9C2-484C-8E95-0600F17F0F29}.Release|Any CPU.ActiveCfg = Release|Any CPU
		{9C53EB79-B9C2-484C-8E95-0600F17F0F29}.Release|Any CPU.Build.0 = Release|Any CPU
		{9C53EB79-B9C2-484C-8E95-0600F17F0F29}.Release|x64.ActiveCfg = Release|Any CPU
		{9C53EB79-B9C2-484C-8E95-0600F17F0F29}.Release|x64.Build.0 = Release|Any CPU
		{9C53EB79-B9C2-484C-8E95-0600F17F0F29}.Release|x86.ActiveCfg = Release|Any CPU
		{9C53EB79-B9C2-484C-8E95-0600F17F0F29}.Release|x86.Build.0 = Release|Any CPU
		{D434DABB-BC4A-4456-B6D9-F93CAB56F1F8}.Debug|Any CPU.ActiveCfg = Debug|Any CPU
		{D434DABB-BC4A-4456-B6D9-F93CAB56F1F8}.Debug|Any CPU.Build.0 = Debug|Any CPU
		{D434DABB-BC4A-4456-B6D9-F93CAB56F1F8}.Debug|x64.ActiveCfg = Debug|Any CPU
		{D434DABB-BC4A-4456-B6D9-F93CAB56F1F8}.Debug|x64.Build.0 = Debug|Any CPU
		{D434DABB-BC4A-4456-B6D9-F93CAB56F1F8}.Debug|x86.ActiveCfg = Debug|Any CPU
		{D434DABB-BC4A-4456-B6D9-F93CAB56F1F8}.Debug|x86.Build.0 = Debug|Any CPU
		{D434DABB-BC4A-4456-B6D9-F93CAB56F1F8}.Release|Any CPU.ActiveCfg = Release|Any CPU
		{D434DABB-BC4A-4456-B6D9-F93CAB56F1F8}.Release|Any CPU.Build.0 = Release|Any CPU
		{D434DABB-BC4A-4456-B6D9-F93CAB56F1F8}.Release|x64.ActiveCfg = Release|Any CPU
		{D434DABB-BC4A-4456-B6D9-F93CAB56F1F8}.Release|x64.Build.0 = Release|Any CPU
		{D434DABB-BC4A-4456-B6D9-F93CAB56F1F8}.Release|x86.ActiveCfg = Release|Any CPU
		{D434DABB-BC4A-4456-B6D9-F93CAB56F1F8}.Release|x86.Build.0 = Release|Any CPU
		{25ECB1D5-6EB0-4E91-9AF9-2F05FBB46C41}.Debug|Any CPU.ActiveCfg = Debug|Any CPU
		{25ECB1D5-6EB0-4E91-9AF9-2F05FBB46C41}.Debug|Any CPU.Build.0 = Debug|Any CPU
		{25ECB1D5-6EB0-4E91-9AF9-2F05FBB46C41}.Debug|x64.ActiveCfg = Debug|Any CPU
		{25ECB1D5-6EB0-4E91-9AF9-2F05FBB46C41}.Debug|x64.Build.0 = Debug|Any CPU
		{25ECB1D5-6EB0-4E91-9AF9-2F05FBB46C41}.Debug|x86.ActiveCfg = Debug|Any CPU
		{25ECB1D5-6EB0-4E91-9AF9-2F05FBB46C41}.Debug|x86.Build.0 = Debug|Any CPU
		{25ECB1D5-6EB0-4E91-9AF9-2F05FBB46C41}.Release|Any CPU.ActiveCfg = Release|Any CPU
		{25ECB1D5-6EB0-4E91-9AF9-2F05FBB46C41}.Release|Any CPU.Build.0 = Release|Any CPU
		{25ECB1D5-6EB0-4E91-9AF9-2F05FBB46C41}.Release|x64.ActiveCfg = Release|Any CPU
		{25ECB1D5-6EB0-4E91-9AF9-2F05FBB46C41}.Release|x64.Build.0 = Release|Any CPU
		{25ECB1D5-6EB0-4E91-9AF9-2F05FBB46C41}.Release|x86.ActiveCfg = Release|Any CPU
		{25ECB1D5-6EB0-4E91-9AF9-2F05FBB46C41}.Release|x86.Build.0 = Release|Any CPU
		{4D12C280-E7D7-4087-9D28-305051A783E5}.Debug|Any CPU.ActiveCfg = Debug|Any CPU
		{4D12C280-E7D7-4087-9D28-305051A783E5}.Debug|Any CPU.Build.0 = Debug|Any CPU
		{4D12C280-E7D7-4087-9D28-305051A783E5}.Debug|x64.ActiveCfg = Debug|Any CPU
		{4D12C280-E7D7-4087-9D28-305051A783E5}.Debug|x64.Build.0 = Debug|Any CPU
		{4D12C280-E7D7-4087-9D28-305051A783E5}.Debug|x86.ActiveCfg = Debug|Any CPU
		{4D12C280-E7D7-4087-9D28-305051A783E5}.Debug|x86.Build.0 = Debug|Any CPU
		{4D12C280-E7D7-4087-9D28-305051A783E5}.Release|Any CPU.ActiveCfg = Release|Any CPU
		{4D12C280-E7D7-4087-9D28-305051A783E5}.Release|Any CPU.Build.0 = Release|Any CPU
		{4D12C280-E7D7-4087-9D28-305051A783E5}.Release|x64.ActiveCfg = Release|Any CPU
		{4D12C280-E7D7-4087-9D28-305051A783E5}.Release|x64.Build.0 = Release|Any CPU
		{4D12C280-E7D7-4087-9D28-305051A783E5}.Release|x86.ActiveCfg = Release|Any CPU
		{4D12C280-E7D7-4087-9D28-305051A783E5}.Release|x86.Build.0 = Release|Any CPU
		{59973D99-49FE-4099-9B9D-B574D2794C09}.Debug|Any CPU.ActiveCfg = Debug|Any CPU
		{59973D99-49FE-4099-9B9D-B574D2794C09}.Debug|Any CPU.Build.0 = Debug|Any CPU
		{59973D99-49FE-4099-9B9D-B574D2794C09}.Debug|x64.ActiveCfg = Debug|Any CPU
		{59973D99-49FE-4099-9B9D-B574D2794C09}.Debug|x64.Build.0 = Debug|Any CPU
		{59973D99-49FE-4099-9B9D-B574D2794C09}.Debug|x86.ActiveCfg = Debug|Any CPU
		{59973D99-49FE-4099-9B9D-B574D2794C09}.Debug|x86.Build.0 = Debug|Any CPU
		{59973D99-49FE-4099-9B9D-B574D2794C09}.Release|Any CPU.ActiveCfg = Release|Any CPU
		{59973D99-49FE-4099-9B9D-B574D2794C09}.Release|Any CPU.Build.0 = Release|Any CPU
		{59973D99-49FE-4099-9B9D-B574D2794C09}.Release|x64.ActiveCfg = Release|Any CPU
		{59973D99-49FE-4099-9B9D-B574D2794C09}.Release|x64.Build.0 = Release|Any CPU
		{59973D99-49FE-4099-9B9D-B574D2794C09}.Release|x86.ActiveCfg = Release|Any CPU
		{59973D99-49FE-4099-9B9D-B574D2794C09}.Release|x86.Build.0 = Release|Any CPU
	EndGlobalSection
	GlobalSection(SolutionProperties) = preSolution
		HideSolutionNode = FALSE
	EndGlobalSection
	GlobalSection(NestedProjects) = preSolution
		{6CA36669-EF1D-40D8-A243-1D65A671BD6B} = {1AE8ACA6-933B-BF2A-3671-3E2EAC007D16}
		{D39AFBB1-0CAE-48E4-BADF-91F7FDC51DC1} = {1AE8ACA6-933B-BF2A-3671-3E2EAC007D16}
		{9C53EB79-B9C2-484C-8E95-0600F17F0F29} = {1AE8ACA6-933B-BF2A-3671-3E2EAC007D16}
		{D434DABB-BC4A-4456-B6D9-F93CAB56F1F8} = {1AE8ACA6-933B-BF2A-3671-3E2EAC007D16}
		{25ECB1D5-6EB0-4E91-9AF9-2F05FBB46C41} = {1AE8ACA6-933B-BF2A-3671-3E2EAC007D16}
		{4D12C280-E7D7-4087-9D28-305051A783E5} = {1AE8ACA6-933B-BF2A-3671-3E2EAC007D16}
		{59973D99-49FE-4099-9B9D-B574D2794C09} = {1AE8ACA6-933B-BF2A-3671-3E2EAC007D16}
	EndGlobalSection
EndGlobal
